
Microsoft Visual Studio Solution File, Format Version 12.00
# Visual Studio Version 16
VisualStudioVersion = 16.0.28803.202
MinimumVisualStudioVersion = 10.0.40219.1
Project("{FAE04EC0-301F-11D3-BF4B-00C04F79EFBC}") = "oto2dvcfg", "oto2dvcfg.csproj", "{46E07337-7525-45C8-92A6-D320BA7D5882}"
EndProject
Project("{FAE04EC0-301F-11D3-BF4B-00C04F79EFBC}") = "UTAUVoiceBankConfig", "..\UTAUVoiceBankConfig\UTAUVoiceBankConfig.csproj", "{C0AC9774-D17C-4B0B-9FEF-962267D54D87}"
EndProject
Global
	GlobalSection(SolutionConfigurationPlatforms) = preSolution
		Debug|Any CPU = Debug|Any CPU
		Debug|x64 = Debug|x64
		Release|Any CPU = Release|Any CPU
		Release|x64 = Release|x64
	EndGlobalSection
	GlobalSection(ProjectConfigurationPlatforms) = postSolution
		{46E07337-7525-45C8-92A6-D320BA7D5882}.Debug|Any CPU.ActiveCfg = Debug|Any CPU
		{46E07337-7525-45C8-92A6-D320BA7D5882}.Debug|Any CPU.Build.0 = Debug|Any CPU
		{46E07337-7525-45C8-92A6-D320BA7D5882}.Debug|x64.ActiveCfg = Debug|x64
		{46E07337-7525-45C8-92A6-D320BA7D5882}.Debug|x64.Build.0 = Debug|x64
		{46E07337-7525-45C8-92A6-D320BA7D5882}.Release|Any CPU.ActiveCfg = Release|Any CPU
		{46E07337-7525-45C8-92A6-D320BA7D5882}.Release|Any CPU.Build.0 = Release|Any CPU
		{46E07337-7525-45C8-92A6-D320BA7D5882}.Release|x64.ActiveCfg = Release|x64
		{46E07337-7525-45C8-92A6-D320BA7D5882}.Release|x64.Build.0 = Release|x64
		{C0AC9774-D17C-4B0B-9FEF-962267D54D87}.Debug|Any CPU.ActiveCfg = Debug|Any CPU
		{C0AC9774-D17C-4B0B-9FEF-962267D54D87}.Debug|Any CPU.Build.0 = Debug|Any CPU
		{C0AC9774-D17C-4B0B-9FEF-962267D54D87}.Debug|x64.ActiveCfg = Debug|Any CPU
		{C0AC9774-D17C-4B0B-9FEF-962267D54D87}.Debug|x64.Build.0 = Debug|Any CPU
		{C0AC9774-D17C-4B0B-9FEF-962267D54D87}.Release|Any CPU.ActiveCfg = Release|Any CPU
		{C0AC9774-D17C-4B0B-9FEF-962267D54D87}.Release|Any CPU.Build.0 = Release|Any CPU
		{C0AC9774-D17C-4B0B-9FEF-962267D54D87}.Release|x64.ActiveCfg = Release|Any CPU
		{C0AC9774-D17C-4B0B-9FEF-962267D54D87}.Release|x64.Build.0 = Release|Any CPU
	EndGlobalSection
	GlobalSection(SolutionProperties) = preSolution
		HideSolutionNode = FALSE
	EndGlobalSection
	GlobalSection(ExtensibilityGlobals) = postSolution
		SolutionGuid = {6060A0CB-E08D-4C6D-8AD3-73239994BB8C}
	EndGlobalSection
EndGlobal
